
Microsoft Visual Studio Solution File, Format Version 12.00
# Visual Studio Version 17
VisualStudioVersion = 17.3.32901.215
MinimumVisualStudioVersion = 10.0.40219.1
Project("{FAE04EC0-301F-11D3-BF4B-00C04F79EFBC}") = "Calculate", "Calculate\Calculate.csproj", "{C2EECB8A-C16F-4776-AF89-F5FB0FF35A1C}"
EndProject
Global
	GlobalSection(SolutionConfigurationPlatforms) = preSolution
		Debug|Any CPU = Debug|Any CPU
		Release|Any CPU = Release|Any CPU
	EndGlobalSection
	GlobalSection(ProjectConfigurationPlatforms) = postSolution
		{C2EECB8A-C16F-4776-AF89-F5FB0FF35A1C}.Debug|Any CPU.ActiveCfg = Debug|Any CPU
		{C2EECB8A-C16F-4776-AF89-F5FB0FF35A1C}.Debug|Any CPU.Build.0 = Debug|Any CPU
		{C2EECB8A-C16F-4776-AF89-F5FB0FF35A1C}.Release|Any CPU.ActiveCfg = Release|Any CPU
		{C2EECB8A-C16F-4776-AF89-F5FB0FF35A1C}.Release|Any CPU.Build.0 = Release|Any CPU
	EndGlobalSection
	GlobalSection(SolutionProperties) = preSolution
		HideSolutionNode = FALSE
	EndGlobalSection
	GlobalSection(ExtensibilityGlobals) = postSolution
		SolutionGuid = {AB6F3FA1-E33B-46D6-9A94-5E9729AC0E2F}
	EndGlobalSection
EndGlobal
